// !$*UTF8*$!
{
	archiveVersion = 1;
	classes = {
	};
	objectVersion = 56;
	objects = {

/* Begin PBXBuildFile section */
		47210E2E2A9A8AE00023E70C /* TranslateResultView.swift in Sources */ = {isa = PBXBuildFile; fileRef = 47210E2D2A9A8AE00023E70C /* TranslateResultView.swift */; };
		4739BAE82A990E0C00A7164B /* SettingPageView.swift in Sources */ = {isa = PBXBuildFile; fileRef = 4739BAE72A990E0C00A7164B /* SettingPageView.swift */; };
		729A2F912A7A2A69006A71FA /* TranslateAppApp.swift in Sources */ = {isa = PBXBuildFile; fileRef = 729A2F902A7A2A69006A71FA /* TranslateAppApp.swift */; };
		729A2F932A7A2A69006A71FA /* ContentView.swift in Sources */ = {isa = PBXBuildFile; fileRef = 729A2F922A7A2A69006A71FA /* ContentView.swift */; };
		729A2F952A7A2A6A006A71FA /* Assets.xcassets in Resources */ = {isa = PBXBuildFile; fileRef = 729A2F942A7A2A6A006A71FA /* Assets.xcassets */; };
		729A2F982A7A2A6A006A71FA /* Preview Assets.xcassets in Resources */ = {isa = PBXBuildFile; fileRef = 729A2F972A7A2A6A006A71FA /* Preview Assets.xcassets */; };
		72C5EFCB2A94BD5A00444399 /* HistoryPageView.swift in Sources */ = {isa = PBXBuildFile; fileRef = 72C5EFCA2A94BD5A00444399 /* HistoryPageView.swift */; };
		72C5EFCD2A95AC0700444399 /* FavouritesPageView.swift in Sources */ = {isa = PBXBuildFile; fileRef = 72C5EFCC2A95AC0700444399 /* FavouritesPageView.swift */; };
		72C5EFD22A95AD6700444399 /* CustomLayouts.swift in Sources */ = {isa = PBXBuildFile; fileRef = 72C5EFD12A95AD6700444399 /* CustomLayouts.swift */; };
		72CF3EE92A83645E007A4E23 /* HomePageView.swift in Sources */ = {isa = PBXBuildFile; fileRef = 72CF3EE82A83645E007A4E23 /* HomePageView.swift */; };
/* End PBXBuildFile section */

/* Begin PBXFileReference section */
		47210E2D2A9A8AE00023E70C /* TranslateResultView.swift */ = {isa = PBXFileReference; lastKnownFileType = sourcecode.swift; path = TranslateResultView.swift; sourceTree = "<group>"; };
		4739BAE72A990E0C00A7164B /* SettingPageView.swift */ = {isa = PBXFileReference; lastKnownFileType = sourcecode.swift; path = SettingPageView.swift; sourceTree = "<group>"; };
		729A2F8D2A7A2A69006A71FA /* TranslateApp.app */ = {isa = PBXFileReference; explicitFileType = wrapper.application; includeInIndex = 0; path = TranslateApp.app; sourceTree = BUILT_PRODUCTS_DIR; };
		729A2F902A7A2A69006A71FA /* TranslateAppApp.swift */ = {isa = PBXFileReference; lastKnownFileType = sourcecode.swift; path = TranslateAppApp.swift; sourceTree = "<group>"; };
		729A2F922A7A2A69006A71FA /* ContentView.swift */ = {isa = PBXFileReference; lastKnownFileType = sourcecode.swift; path = ContentView.swift; sourceTree = "<group>"; };
		729A2F942A7A2A6A006A71FA /* Assets.xcassets */ = {isa = PBXFileReference; lastKnownFileType = folder.assetcatalog; path = Assets.xcassets; sourceTree = "<group>"; };
		729A2F972A7A2A6A006A71FA /* Preview Assets.xcassets */ = {isa = PBXFileReference; lastKnownFileType = folder.assetcatalog; path = "Preview Assets.xcassets"; sourceTree = "<group>"; };
		72C5EFCA2A94BD5A00444399 /* HistoryPageView.swift */ = {isa = PBXFileReference; lastKnownFileType = sourcecode.swift; path = HistoryPageView.swift; sourceTree = "<group>"; };
		72C5EFCC2A95AC0700444399 /* FavouritesPageView.swift */ = {isa = PBXFileReference; lastKnownFileType = sourcecode.swift; path = FavouritesPageView.swift; sourceTree = "<group>"; };
		72C5EFD12A95AD6700444399 /* CustomLayouts.swift */ = {isa = PBXFileReference; lastKnownFileType = sourcecode.swift; path = CustomLayouts.swift; sourceTree = "<group>"; };
		72CF3EE82A83645E007A4E23 /* HomePageView.swift */ = {isa = PBXFileReference; lastKnownFileType = sourcecode.swift; path = HomePageView.swift; sourceTree = "<group>"; };
/* End PBXFileReference section */

/* Begin PBXFrameworksBuildPhase section */
		729A2F8A2A7A2A69006A71FA /* Frameworks */ = {
			isa = PBXFrameworksBuildPhase;
			buildActionMask = 2147483647;
			files = (
			);
			runOnlyForDeploymentPostprocessing = 0;
		};
/* End PBXFrameworksBuildPhase section */

/* Begin PBXGroup section */
		729A2F842A7A2A69006A71FA = {
			isa = PBXGroup;
			children = (
				729A2F8F2A7A2A69006A71FA /* TranslateApp */,
				729A2F8E2A7A2A69006A71FA /* Products */,
			);
			sourceTree = "<group>";
		};
		729A2F8E2A7A2A69006A71FA /* Products */ = {
			isa = PBXGroup;
			children = (
				729A2F8D2A7A2A69006A71FA /* TranslateApp.app */,
			);
			name = Products;
			sourceTree = "<group>";
		};
		729A2F8F2A7A2A69006A71FA /* TranslateApp */ = {
			isa = PBXGroup;
			children = (
				72C5EFCE2A95ACE200444399 /* Models */,
				72CF3EEA2A8364BD007A4E23 /* Views */,
				729A2F922A7A2A69006A71FA /* ContentView.swift */,
				729A2F902A7A2A69006A71FA /* TranslateAppApp.swift */,
				729A2F942A7A2A6A006A71FA /* Assets.xcassets */,
				729A2F962A7A2A6A006A71FA /* Preview Content */,
			);
			path = TranslateApp;
			sourceTree = "<group>";
		};
		729A2F962A7A2A6A006A71FA /* Preview Content */ = {
			isa = PBXGroup;
			children = (
				729A2F972A7A2A6A006A71FA /* Preview Assets.xcassets */,
			);
			path = "Preview Content";
			sourceTree = "<group>";
		};
		72C5EFCE2A95ACE200444399 /* Models */ = {
			isa = PBXGroup;
			children = (
				72C5EFD12A95AD6700444399 /* CustomLayouts.swift */,
			);
			path = Models;
			sourceTree = "<group>";
		};
		72CF3EEA2A8364BD007A4E23 /* Views */ = {
			isa = PBXGroup;
			children = (
				72CF3EE82A83645E007A4E23 /* HomePageView.swift */,
				72C5EFCA2A94BD5A00444399 /* HistoryPageView.swift */,
				72C5EFCC2A95AC0700444399 /* FavouritesPageView.swift */,
				4739BAE72A990E0C00A7164B /* SettingPageView.swift */,
				47210E2D2A9A8AE00023E70C /* TranslateResultView.swift */,
			);
			path = Views;
			sourceTree = "<group>";
		};
/* End PBXGroup section */

/* Begin PBXNativeTarget section */
		729A2F8C2A7A2A69006A71FA /* TranslateApp */ = {
			isa = PBXNativeTarget;
			buildConfigurationList = 729A2F9B2A7A2A6A006A71FA /* Build configuration list for PBXNativeTarget "TranslateApp" */;
			buildPhases = (
				729A2F892A7A2A69006A71FA /* Sources */,
				729A2F8A2A7A2A69006A71FA /* Frameworks */,
				729A2F8B2A7A2A69006A71FA /* Resources */,
			);
			buildRules = (
			);
			dependencies = (
			);
			name = TranslateApp;
			productName = TranslateApp;
			productReference = 729A2F8D2A7A2A69006A71FA /* TranslateApp.app */;
			productType = "com.apple.product-type.application";
		};
/* End PBXNativeTarget section */

/* Begin PBXProject section */
		729A2F852A7A2A69006A71FA /* Project object */ = {
			isa = PBXProject;
			attributes = {
				BuildIndependentTargetsInParallel = 1;
				LastSwiftUpdateCheck = 1430;
				LastUpgradeCheck = 1430;
				TargetAttributes = {
					729A2F8C2A7A2A69006A71FA = {
						CreatedOnToolsVersion = 14.3.1;
					};
				};
			};
			buildConfigurationList = 729A2F882A7A2A69006A71FA /* Build configuration list for PBXProject "TranslateApp" */;
			compatibilityVersion = "Xcode 14.0";
			developmentRegion = en;
			hasScannedForEncodings = 0;
			knownRegions = (
				en,
				Base,
			);
			mainGroup = 729A2F842A7A2A69006A71FA;
			productRefGroup = 729A2F8E2A7A2A69006A71FA /* Products */;
			projectDirPath = "";
			projectRoot = "";
			targets = (
				729A2F8C2A7A2A69006A71FA /* TranslateApp */,
			);
		};
/* End PBXProject section */

/* Begin PBXResourcesBuildPhase section */
		729A2F8B2A7A2A69006A71FA /* Resources */ = {
			isa = PBXResourcesBuildPhase;
			buildActionMask = 2147483647;
			files = (
				729A2F982A7A2A6A006A71FA /* Preview Assets.xcassets in Resources */,
				729A2F952A7A2A6A006A71FA /* Assets.xcassets in Resources */,
			);
			runOnlyForDeploymentPostprocessing = 0;
		};
/* End PBXResourcesBuildPhase section */

/* Begin PBXSourcesBuildPhase section */
		729A2F892A7A2A69006A71FA /* Sources */ = {
			isa = PBXSourcesBuildPhase;
			buildActionMask = 2147483647;
			files = (
				72C5EFD22A95AD6700444399 /* CustomLayouts.swift in Sources */,
				4739BAE82A990E0C00A7164B /* SettingPageView.swift in Sources */,
				729A2F932A7A2A69006A71FA /* ContentView.swift in Sources */,
				72CF3EE92A83645E007A4E23 /* HomePageView.swift in Sources */,
				47210E2E2A9A8AE00023E70C /* TranslateResultView.swift in Sources */,
				72C5EFCD2A95AC0700444399 /* FavouritesPageView.swift in Sources */,
				72C5EFCB2A94BD5A00444399 /* HistoryPageView.swift in Sources */,
				729A2F912A7A2A69006A71FA /* TranslateAppApp.swift in Sources */,
			);
			runOnlyForDeploymentPostprocessing = 0;
		};
/* End PBXSourcesBuildPhase section */

/* Begin XCBuildConfiguration section */
		729A2F992A7A2A6A006A71FA /* Debug */ = {
			isa = XCBuildConfiguration;
			buildSettings = {
				ALWAYS_SEARCH_USER_PATHS = NO;
				CLANG_ANALYZER_NONNULL = YES;
				CLANG_ANALYZER_NUMBER_OBJECT_CONVERSION = YES_AGGRESSIVE;
				CLANG_CXX_LANGUAGE_STANDARD = "gnu++20";
				CLANG_ENABLE_MODULES = YES;
				CLANG_ENABLE_OBJC_ARC = YES;
				CLANG_ENABLE_OBJC_WEAK = YES;
				CLANG_WARN_BLOCK_CAPTURE_AUTORELEASING = YES;
				CLANG_WARN_BOOL_CONVERSION = YES;
				CLANG_WARN_COMMA = YES;
				CLANG_WARN_CONSTANT_CONVERSION = YES;
				CLANG_WARN_DEPRECATED_OBJC_IMPLEMENTATIONS = YES;
				CLANG_WARN_DIRECT_OBJC_ISA_USAGE = YES_ERROR;
				CLANG_WARN_DOCUMENTATION_COMMENTS = YES;
				CLANG_WARN_EMPTY_BODY = YES;
				CLANG_WARN_ENUM_CONVERSION = YES;
				CLANG_WARN_INFINITE_RECURSION = YES;
				CLANG_WARN_INT_CONVERSION = YES;
				CLANG_WARN_NON_LITERAL_NULL_CONVERSION = YES;
				CLANG_WARN_OBJC_IMPLICIT_RETAIN_SELF = YES;
				CLANG_WARN_OBJC_LITERAL_CONVERSION = YES;
				CLANG_WARN_OBJC_ROOT_CLASS = YES_ERROR;
				CLANG_WARN_QUOTED_INCLUDE_IN_FRAMEWORK_HEADER = YES;
				CLANG_WARN_RANGE_LOOP_ANALYSIS = YES;
				CLANG_WARN_STRICT_PROTOTYPES = YES;
				CLANG_WARN_SUSPICIOUS_MOVE = YES;
				CLANG_WARN_UNGUARDED_AVAILABILITY = YES_AGGRESSIVE;
				CLANG_WARN_UNREACHABLE_CODE = YES;
				CLANG_WARN__DUPLICATE_METHOD_MATCH = YES;
				COPY_PHASE_STRIP = NO;
				DEBUG_INFORMATION_FORMAT = dwarf;
				ENABLE_STRICT_OBJC_MSGSEND = YES;
				ENABLE_TESTABILITY = YES;
				GCC_C_LANGUAGE_STANDARD = gnu11;
				GCC_DYNAMIC_NO_PIC = NO;
				GCC_NO_COMMON_BLOCKS = YES;
				GCC_OPTIMIZATION_LEVEL = 0;
				GCC_PREPROCESSOR_DEFINITIONS = (
					"DEBUG=1",
					"$(inherited)",
				);
				GCC_WARN_64_TO_32_BIT_CONVERSION = YES;
				GCC_WARN_ABOUT_RETURN_TYPE = YES_ERROR;
				GCC_WARN_UNDECLARED_SELECTOR = YES;
				GCC_WARN_UNINITIALIZED_AUTOS = YES_AGGRESSIVE;
				GCC_WARN_UNUSED_FUNCTION = YES;
				GCC_WARN_UNUSED_VARIABLE = YES;
				IPHONEOS_DEPLOYMENT_TARGET = 16.4;
				MTL_ENABLE_DEBUG_INFO = INCLUDE_SOURCE;
				MTL_FAST_MATH = YES;
				ONLY_ACTIVE_ARCH = YES;
				SDKROOT = iphoneos;
				SWIFT_ACTIVE_COMPILATION_CONDITIONS = DEBUG;
				SWIFT_OPTIMIZATION_LEVEL = "-Onone";
			};
			name = Debug;
		};
		729A2F9A2A7A2A6A006A71FA /* Release */ = {
			isa = XCBuildConfiguration;
			buildSettings = {
				ALWAYS_SEARCH_USER_PATHS = NO;
				CLANG_ANALYZER_NONNULL = YES;
				CLANG_ANALYZER_NUMBER_OBJECT_CONVERSION = YES_AGGRESSIVE;
				CLANG_CXX_LANGUAGE_STANDARD = "gnu++20";
				CLANG_ENABLE_MODULES = YES;
				CLANG_ENABLE_OBJC_ARC = YES;
				CLANG_ENABLE_OBJC_WEAK = YES;
				CLANG_WARN_BLOCK_CAPTURE_AUTORELEASING = YES;
				CLANG_WARN_BOOL_CONVERSION = YES;
				CLANG_WARN_COMMA = YES;
				CLANG_WARN_CONSTANT_CONVERSION = YES;
				CLANG_WARN_DEPRECATED_OBJC_IMPLEMENTATIONS = YES;
				CLANG_WARN_DIRECT_OBJC_ISA_USAGE = YES_ERROR;
				CLANG_WARN_DOCUMENTATION_COMMENTS = YES;
				CLANG_WARN_EMPTY_BODY = YES;
				CLANG_WARN_ENUM_CONVERSION = YES;
				CLANG_WARN_INFINITE_RECURSION = YES;
				CLANG_WARN_INT_CONVERSION = YES;
				CLANG_WARN_NON_LITERAL_NULL_CONVERSION = YES;
				CLANG_WARN_OBJC_IMPLICIT_RETAIN_SELF = YES;
				CLANG_WARN_OBJC_LITERAL_CONVERSION = YES;
				CLANG_WARN_OBJC_ROOT_CLASS = YES_ERROR;
				CLANG_WARN_QUOTED_INCLUDE_IN_FRAMEWORK_HEADER = YES;
				CLANG_WARN_RANGE_LOOP_ANALYSIS = YES;
				CLANG_WARN_STRICT_PROTOTYPES = YES;
				CLANG_WARN_SUSPICIOUS_MOVE = YES;
				CLANG_WARN_UNGUARDED_AVAILABILITY = YES_AGGRESSIVE;
				CLANG_WARN_UNREACHABLE_CODE = YES;
				CLANG_WARN__DUPLICATE_METHOD_MATCH = YES;
				COPY_PHASE_STRIP = NO;
				DEBUG_INFORMATION_FORMAT = "dwarf-with-dsym";
				ENABLE_NS_ASSERTIONS = NO;
				ENABLE_STRICT_OBJC_MSGSEND = YES;
				GCC_C_LANGUAGE_STANDARD = gnu11;
				GCC_NO_COMMON_BLOCKS = YES;
				GCC_WARN_64_TO_32_BIT_CONVERSION = YES;
				GCC_WARN_ABOUT_RETURN_TYPE = YES_ERROR;
				GCC_WARN_UNDECLARED_SELECTOR = YES;
				GCC_WARN_UNINITIALIZED_AUTOS = YES_AGGRESSIVE;
				GCC_WARN_UNUSED_FUNCTION = YES;
				GCC_WARN_UNUSED_VARIABLE = YES;
				IPHONEOS_DEPLOYMENT_TARGET = 16.4;
				MTL_ENABLE_DEBUG_INFO = NO;
				MTL_FAST_MATH = YES;
				SDKROOT = iphoneos;
				SWIFT_COMPILATION_MODE = wholemodule;
				SWIFT_OPTIMIZATION_LEVEL = "-O";
				VALIDATE_PRODUCT = YES;
			};
			name = Release;
		};
		729A2F9C2A7A2A6A006A71FA /* Debug */ = {
			isa = XCBuildConfiguration;
			buildSettings = {
				ASSETCATALOG_COMPILER_APPICON_NAME = AppIcon;
				ASSETCATALOG_COMPILER_GLOBAL_ACCENT_COLOR_NAME = AccentColor;
				CODE_SIGN_STYLE = Automatic;
				CURRENT_PROJECT_VERSION = 1;
				DEVELOPMENT_ASSET_PATHS = "\"TranslateApp/Preview Content\"";
				DEVELOPMENT_TEAM = WY72A83H97;
				ENABLE_PREVIEWS = YES;
				GENERATE_INFOPLIST_FILE = YES;
				INFOPLIST_KEY_UIApplicationSceneManifest_Generation = YES;
				INFOPLIST_KEY_UIApplicationSupportsIndirectInputEvents = YES;
				INFOPLIST_KEY_UILaunchScreen_Generation = YES;
				INFOPLIST_KEY_UISupportedInterfaceOrientations_iPad = "UIInterfaceOrientationPortrait UIInterfaceOrientationPortraitUpsideDown UIInterfaceOrientationLandscapeLeft UIInterfaceOrientationLandscapeRight";
				INFOPLIST_KEY_UISupportedInterfaceOrientations_iPhone = "UIInterfaceOrientationPortrait UIInterfaceOrientationLandscapeLeft UIInterfaceOrientationLandscapeRight";
				IPHONEOS_DEPLOYMENT_TARGET = 16.0;
				LD_RUNPATH_SEARCH_PATHS = (
					"$(inherited)",
					"@executable_path/Frameworks",
				);
				MARKETING_VERSION = 1.0;
				PRODUCT_BUNDLE_IDENTIFIER = None.TranslateApp1;
				PRODUCT_NAME = "$(TARGET_NAME)";
				SWIFT_EMIT_LOC_STRINGS = YES;
				SWIFT_VERSION = 5.0;
				TARGETED_DEVICE_FAMILY = "1,2";
			};
			name = Debug;
		};
		729A2F9D2A7A2A6A006A71FA /* Release */ = {
			isa = XCBuildConfiguration;
			buildSettings = {
				ASSETCATALOG_COMPILER_APPICON_NAME = AppIcon;
				ASSETCATALOG_COMPILER_GLOBAL_ACCENT_COLOR_NAME = AccentColor;
				CODE_SIGN_STYLE = Automatic;
				CURRENT_PROJECT_VERSION = 1;
				DEVELOPMENT_ASSET_PATHS = "\"TranslateApp/Preview Content\"";
				DEVELOPMENT_TEAM = WY72A83H97;
				ENABLE_PREVIEWS = YES;
				GENERATE_INFOPLIST_FILE = YES;
				INFOPLIST_KEY_UIApplicationSceneManifest_Generation = YES;
				INFOPLIST_KEY_UIApplicationSupportsIndirectInputEvents = YES;
				INFOPLIST_KEY_UILaunchScreen_Generation = YES;
				INFOPLIST_KEY_UISupportedInterfaceOrientations_iPad = "UIInterfaceOrientationPortrait UIInterfaceOrientationPortraitUpsideDown UIInterfaceOrientationLandscapeLeft UIInterfaceOrientationLandscapeRight";
				INFOPLIST_KEY_UISupportedInterfaceOrientations_iPhone = "UIInterfaceOrientationPortrait UIInterfaceOrientationLandscapeLeft UIInterfaceOrientationLandscapeRight";
				IPHONEOS_DEPLOYMENT_TARGET = 16.0;
				LD_RUNPATH_SEARCH_PATHS = (
					"$(inherited)",
					"@executable_path/Frameworks",
				);
				MARKETING_VERSION = 1.0;
				PRODUCT_BUNDLE_IDENTIFIER = None.TranslateApp1;
				PRODUCT_NAME = "$(TARGET_NAME)";
				SWIFT_EMIT_LOC_STRINGS = YES;
				SWIFT_VERSION = 5.0;
				TARGETED_DEVICE_FAMILY = "1,2";
			};
			name = Release;
		};
/* End XCBuildConfiguration section */

/* Begin XCConfigurationList section */
		729A2F882A7A2A69006A71FA /* Build configuration list for PBXProject "TranslateApp" */ = {
			isa = XCConfigurationList;
			buildConfigurations = (
				729A2F992A7A2A6A006A71FA /* Debug */,
				729A2F9A2A7A2A6A006A71FA /* Release */,
			);
			defaultConfigurationIsVisible = 0;
			defaultConfigurationName = Release;
		};
		729A2F9B2A7A2A6A006A71FA /* Build configuration list for PBXNativeTarget "TranslateApp" */ = {
			isa = XCConfigurationList;
			buildConfigurations = (
				729A2F9C2A7A2A6A006A71FA /* Debug */,
				729A2F9D2A7A2A6A006A71FA /* Release */,
			);
			defaultConfigurationIsVisible = 0;
			defaultConfigurationName = Release;
		};
/* End XCConfigurationList section */
	};
	rootObject = 729A2F852A7A2A69006A71FA /* Project object */;
}
